
Microsoft Visual Studio Solution File, Format Version 12.00
# Visual Studio Version 16
VisualStudioVersion = 16.0.31829.152
MinimumVisualStudioVersion = 10.0.40219.1
Project("{FAE04EC0-301F-11D3-BF4B-00C04F79EFBC}") = "WPF", "WPF\WPF.csproj", "{8CF80E81-7BDD-4FB7-995B-2F1C3848A5A2}"
EndProject
Project("{FAE04EC0-301F-11D3-BF4B-00C04F79EFBC}") = "AutoLotModel", "AutoLotModel\AutoLotModel.csproj", "{0E4440C7-8C6D-4595-BE30-C5D58C92F82D}"
EndProject
Global
	GlobalSection(SolutionConfigurationPlatforms) = preSolution
		Debug|Any CPU = Debug|Any CPU
		Release|Any CPU = Release|Any CPU
	EndGlobalSection
	GlobalSection(ProjectConfigurationPlatforms) = postSolution
		{8CF80E81-7BDD-4FB7-995B-2F1C3848A5A2}.Debug|Any CPU.ActiveCfg = Debug|Any CPU
		{8CF80E81-7BDD-4FB7-995B-2F1C3848A5A2}.Debug|Any CPU.Build.0 = Debug|Any CPU
		{8CF80E81-7BDD-4FB7-995B-2F1C3848A5A2}.Release|Any CPU.ActiveCfg = Release|Any CPU
		{8CF80E81-7BDD-4FB7-995B-2F1C3848A5A2}.Release|Any CPU.Build.0 = Release|Any CPU
		{0E4440C7-8C6D-4595-BE30-C5D58C92F82D}.Debug|Any CPU.ActiveCfg = Debug|Any CPU
		{0E4440C7-8C6D-4595-BE30-C5D58C92F82D}.Debug|Any CPU.Build.0 = Debug|Any CPU
		{0E4440C7-8C6D-4595-BE30-C5D58C92F82D}.Release|Any CPU.ActiveCfg = Release|Any CPU
		{0E4440C7-8C6D-4595-BE30-C5D58C92F82D}.Release|Any CPU.Build.0 = Release|Any CPU
	EndGlobalSection
	GlobalSection(SolutionProperties) = preSolution
		HideSolutionNode = FALSE
	EndGlobalSection
	GlobalSection(ExtensibilityGlobals) = postSolution
		SolutionGuid = {97147C36-C92D-43FF-BD8E-A27B037B8E6E}
	EndGlobalSection
EndGlobal
